// !$*UTF8*$!
{
	archiveVersion = 1;
	classes = {
	};
	objectVersion = 46;
	objects = {

/* Begin PBXBuildFile section */
		A5A51AE61ADB16B200CBFFC7 /* main.m in Sources */ = {isa = PBXBuildFile; fileRef = A5A51AE51ADB16B200CBFFC7 /* main.m */; };
		A5A51AEF1ADB16C500CBFFC7 /* iTunesConnection.m in Sources */ = {isa = PBXBuildFile; fileRef = A5A51AEE1ADB16C500CBFFC7 /* iTunesConnection.m */; };
		A5A51AF11ADB177500CBFFC7 /* ScriptingBridge.framework in Frameworks */ = {isa = PBXBuildFile; fileRef = A5A51AF01ADB177500CBFFC7 /* ScriptingBridge.framework */; };
/* End PBXBuildFile section */

/* Begin PBXCopyFilesBuildPhase section */
		A5A51AE01ADB16B200CBFFC7 /* CopyFiles */ = {
			isa = PBXCopyFilesBuildPhase;
			buildActionMask = 2147483647;
			dstPath = /usr/share/man/man1/;
			dstSubfolderSpec = 0;
			files = (
			);
			runOnlyForDeploymentPostprocessing = 1;
		};
/* End PBXCopyFilesBuildPhase section */

/* Begin PBXFileReference section */
		A5A51AE21ADB16B200CBFFC7 /* relocate */ = {isa = PBXFileReference; explicitFileType = "compiled.mach-o.executable"; includeInIndex = 0; path = relocate; sourceTree = BUILT_PRODUCTS_DIR; };
		A5A51AE51ADB16B200CBFFC7 /* main.m */ = {isa = PBXFileReference; lastKnownFileType = sourcecode.c.objc; path = main.m; sourceTree = "<group>"; };
		A5A51AEC1ADB16C500CBFFC7 /* iTunes.h */ = {isa = PBXFileReference; fileEncoding = 4; lastKnownFileType = sourcecode.c.h; path = iTunes.h; sourceTree = "<group>"; };
		A5A51AED1ADB16C500CBFFC7 /* iTunesConnection.h */ = {isa = PBXFileReference; fileEncoding = 4; lastKnownFileType = sourcecode.c.h; path = iTunesConnection.h; sourceTree = "<group>"; };
		A5A51AEE1ADB16C500CBFFC7 /* iTunesConnection.m */ = {isa = PBXFileReference; fileEncoding = 4; lastKnownFileType = sourcecode.c.objc; path = iTunesConnection.m; sourceTree = "<group>"; };
		A5A51AF01ADB177500CBFFC7 /* ScriptingBridge.framework */ = {isa = PBXFileReference; lastKnownFileType = wrapper.framework; name = ScriptingBridge.framework; path = System/Library/Frameworks/ScriptingBridge.framework; sourceTree = SDKROOT; };
/* End PBXFileReference section */

/* Begin PBXFrameworksBuildPhase section */
		A5A51ADF1ADB16B200CBFFC7 /* Frameworks */ = {
			isa = PBXFrameworksBuildPhase;
			buildActionMask = 2147483647;
			files = (
				A5A51AF11ADB177500CBFFC7 /* ScriptingBridge.framework in Frameworks */,
			);
			runOnlyForDeploymentPostprocessing = 0;
		};
/* End PBXFrameworksBuildPhase section */

/* Begin PBXGroup section */
		A5A51AD91ADB16B200CBFFC7 = {
			isa = PBXGroup;
			children = (
				A5A51AF01ADB177500CBFFC7 /* ScriptingBridge.framework */,
				A5A51AE41ADB16B200CBFFC7 /* relocate */,
				A5A51AE31ADB16B200CBFFC7 /* Products */,
			);
			sourceTree = "<group>";
		};
		A5A51AE31ADB16B200CBFFC7 /* Products */ = {
			isa = PBXGroup;
			children = (
				A5A51AE21ADB16B200CBFFC7 /* relocate */,
			);
			name = Products;
			sourceTree = "<group>";
		};
		A5A51AE41ADB16B200CBFFC7 /* relocate */ = {
			isa = PBXGroup;
			children = (
				A5A51AE51ADB16B200CBFFC7 /* main.m */,
				A5A51AEC1ADB16C500CBFFC7 /* iTunes.h */,
				A5A51AED1ADB16C500CBFFC7 /* iTunesConnection.h */,
				A5A51AEE1ADB16C500CBFFC7 /* iTunesConnection.m */,
			);
			path = relocate;
			sourceTree = "<group>";
		};
/* End PBXGroup section */

/* Begin PBXNativeTarget section */
		A5A51AE11ADB16B200CBFFC7 /* relocate */ = {
			isa = PBXNativeTarget;
			buildConfigurationList = A5A51AE91ADB16B200CBFFC7 /* Build configuration list for PBXNativeTarget "relocate" */;
			buildPhases = (
				A5A51ADE1ADB16B200CBFFC7 /* Sources */,
				A5A51ADF1ADB16B200CBFFC7 /* Frameworks */,
				A5A51AE01ADB16B200CBFFC7 /* CopyFiles */,
			);
			buildRules = (
			);
			dependencies = (
			);
			name = relocate;
			productName = relocate;
			productReference = A5A51AE21ADB16B200CBFFC7 /* relocate */;
			productType = "com.apple.product-type.tool";
		};
/* End PBXNativeTarget section */

/* Begin PBXProject section */
		A5A51ADA1ADB16B200CBFFC7 /* Project object */ = {
			isa = PBXProject;
			attributes = {
				LastUpgradeCheck = 0630;
				ORGANIZATIONNAME = smoon.kr;
				TargetAttributes = {
					A5A51AE11ADB16B200CBFFC7 = {
						CreatedOnToolsVersion = 6.3;
					};
				};
			};
			buildConfigurationList = A5A51ADD1ADB16B200CBFFC7 /* Build configuration list for PBXProject "relocate" */;
			compatibilityVersion = "Xcode 3.2";
			developmentRegion = English;
			hasScannedForEncodings = 0;
			knownRegions = (
				en,
			);
			mainGroup = A5A51AD91ADB16B200CBFFC7;
			productRefGroup = A5A51AE31ADB16B200CBFFC7 /* Products */;
			projectDirPath = "";
			projectRoot = "";
			targets = (
				A5A51AE11ADB16B200CBFFC7 /* relocate */,
			);
		};
/* End PBXProject section */

/* Begin PBXSourcesBuildPhase section */
		A5A51ADE1ADB16B200CBFFC7 /* Sources */ = {
			isa = PBXSourcesBuildPhase;
			buildActionMask = 2147483647;
			files = (
				A5A51AE61ADB16B200CBFFC7 /* main.m in Sources */,
				A5A51AEF1ADB16C500CBFFC7 /* iTunesConnection.m in Sources */,
			);
			runOnlyForDeploymentPostprocessing = 0;
		};
/* End PBXSourcesBuildPhase section */

/* Begin XCBuildConfiguration section */
		A5A51AE71ADB16B200CBFFC7 /* Debug */ = {
			isa = XCBuildConfiguration;
			buildSettings = {
				ALWAYS_SEARCH_USER_PATHS = NO;
				CLANG_CXX_LANGUAGE_STANDARD = "gnu++0x";
				CLANG_CXX_LIBRARY = "libc++";
				CLANG_ENABLE_MODULES = YES;
				CLANG_ENABLE_OBJC_ARC = YES;
				CLANG_WARN_BOOL_CONVERSION = YES;
				CLANG_WARN_CONSTANT_CONVERSION = YES;
				CLANG_WARN_DIRECT_OBJC_ISA_USAGE = YES_ERROR;
				CLANG_WARN_EMPTY_BODY = YES;
				CLANG_WARN_ENUM_CONVERSION = YES;
				CLANG_WARN_INT_CONVERSION = YES;
				CLANG_WARN_OBJC_ROOT_CLASS = YES_ERROR;
				CLANG_WARN_UNREACHABLE_CODE = YES;
				CLANG_WARN__DUPLICATE_METHOD_MATCH = YES;
				COPY_PHASE_STRIP = NO;
				DEBUG_INFORMATION_FORMAT = dwarf;
				ENABLE_STRICT_OBJC_MSGSEND = YES;
				GCC_C_LANGUAGE_STANDARD = gnu99;
				GCC_DYNAMIC_NO_PIC = NO;
				GCC_NO_COMMON_BLOCKS = YES;
				GCC_OPTIMIZATION_LEVEL = 0;
				GCC_PREPROCESSOR_DEFINITIONS = (
					"DEBUG=1",
					"$(inherited)",
				);
				GCC_SYMBOLS_PRIVATE_EXTERN = NO;
				GCC_WARN_64_TO_32_BIT_CONVERSION = YES;
				GCC_WARN_ABOUT_RETURN_TYPE = YES_ERROR;
				GCC_WARN_UNDECLARED_SELECTOR = YES;
				GCC_WARN_UNINITIALIZED_AUTOS = YES_AGGRESSIVE;
				GCC_WARN_UNUSED_FUNCTION = YES;
				GCC_WARN_UNUSED_VARIABLE = YES;
				MACOSX_DEPLOYMENT_TARGET = 10.10;
				MTL_ENABLE_DEBUG_INFO = YES;
				ONLY_ACTIVE_ARCH = YES;
				SDKROOT = macosx;
			};
			name = Debug;
		};
		A5A51AE81ADB16B200CBFFC7 /* Release */ = {
			isa = XCBuildConfiguration;
			buildSettings = {
				ALWAYS_SEARCH_USER_PATHS = NO;
				CLANG_CXX_LANGUAGE_STANDARD = "gnu++0x";
				CLANG_CXX_LIBRARY = "libc++";
				CLANG_ENABLE_MODULES = YES;
				CLANG_ENABLE_OBJC_ARC = YES;
				CLANG_WARN_BOOL_CONVERSION = YES;
				CLANG_WARN_CONSTANT_CONVERSION = YES;
				CLANG_WARN_DIRECT_OBJC_ISA_USAGE = YES_ERROR;
				CLANG_WARN_EMPTY_BODY = YES;
				CLANG_WARN_ENUM_CONVERSION = YES;
				CLANG_WARN_INT_CONVERSION = YES;
				CLANG_WARN_OBJC_ROOT_CLASS = YES_ERROR;
				CLANG_WARN_UNREACHABLE_CODE = YES;
				CLANG_WARN__DUPLICATE_METHOD_MATCH = YES;
				COPY_PHASE_STRIP = NO;
				DEBUG_INFORMATION_FORMAT = "dwarf-with-dsym";
				ENABLE_NS_ASSERTIONS = NO;
				ENABLE_STRICT_OBJC_MSGSEND = YES;
				GCC_C_LANGUAGE_STANDARD = gnu99;
				GCC_NO_COMMON_BLOCKS = YES;
				GCC_WARN_64_TO_32_BIT_CONVERSION = YES;
				GCC_WARN_ABOUT_RETURN_TYPE = YES_ERROR;
				GCC_WARN_UNDECLARED_SELECTOR = YES;
				GCC_WARN_UNINITIALIZED_AUTOS = YES_AGGRESSIVE;
				GCC_WARN_UNUSED_FUNCTION = YES;
				GCC_WARN_UNUSED_VARIABLE = YES;
				MACOSX_DEPLOYMENT_TARGET = 10.10;
				MTL_ENABLE_DEBUG_INFO = NO;
				SDKROOT = macosx;
			};
			name = Release;
		};
		A5A51AEA1ADB16B200CBFFC7 /* Debug */ = {
			isa = XCBuildConfiguration;
			buildSettings = {
				PRODUCT_NAME = "$(TARGET_NAME)";
			};
			name = Debug;
		};
		A5A51AEB1ADB16B200CBFFC7 /* Release */ = {
			isa = XCBuildConfiguration;
			buildSettings = {
				PRODUCT_NAME = "$(TARGET_NAME)";
			};
			name = Release;
		};
/* End XCBuildConfiguration section */

/* Begin XCConfigurationList section */
		A5A51ADD1ADB16B200CBFFC7 /* Build configuration list for PBXProject "relocate" */ = {
			isa = XCConfigurationList;
			buildConfigurations = (
				A5A51AE71ADB16B200CBFFC7 /* Debug */,
				A5A51AE81ADB16B200CBFFC7 /* Release */,
			);
			defaultConfigurationIsVisible = 0;
			defaultConfigurationName = Release;
		};
		A5A51AE91ADB16B200CBFFC7 /* Build configuration list for PBXNativeTarget "relocate" */ = {
			isa = XCConfigurationList;
			buildConfigurations = (
				A5A51AEA1ADB16B200CBFFC7 /* Debug */,
				A5A51AEB1ADB16B200CBFFC7 /* Release */,
			);
			defaultConfigurationIsVisible = 0;
		};
/* End XCConfigurationList section */
	};
	rootObject = A5A51ADA1ADB16B200CBFFC7 /* Project object */;
}
